
Microsoft Visual Studio Solution File, Format Version 12.00
# Visual Studio Version 16
VisualStudioVersion = 16.0.31729.503
MinimumVisualStudioVersion = 10.0.40219.1
Project("{FAE04EC0-301F-11D3-BF4B-00C04F79EFBC}") = "LambdaExpressionRegex", "LambdaExpressionRegex\LambdaExpressionRegex.csproj", "{415D301F-AB7D-419A-B2B9-740CAA5FDFE0}"
EndProject
Global
	GlobalSection(SolutionConfigurationPlatforms) = preSolution
		Debug|Any CPU = Debug|Any CPU
		Release|Any CPU = Release|Any CPU
	EndGlobalSection
	GlobalSection(ProjectConfigurationPlatforms) = postSolution
		{415D301F-AB7D-419A-B2B9-740CAA5FDFE0}.Debug|Any CPU.ActiveCfg = Debug|Any CPU
		{415D301F-AB7D-419A-B2B9-740CAA5FDFE0}.Debug|Any CPU.Build.0 = Debug|Any CPU
		{415D301F-AB7D-419A-B2B9-740CAA5FDFE0}.Release|Any CPU.ActiveCfg = Release|Any CPU
		{415D301F-AB7D-419A-B2B9-740CAA5FDFE0}.Release|Any CPU.Build.0 = Release|Any CPU
	EndGlobalSection
	GlobalSection(SolutionProperties) = preSolution
		HideSolutionNode = FALSE
	EndGlobalSection
	GlobalSection(ExtensibilityGlobals) = postSolution
		SolutionGuid = {2D2A2C10-CC8E-4445-9E7E-8C32FCECA5B6}
	EndGlobalSection
EndGlobal
